
Microsoft Visual Studio Solution File, Format Version 12.00
# Visual Studio 15
VisualStudioVersion = 15.0.26730.3
MinimumVisualStudioVersion = 10.0.40219.1
Project("{FAE04EC0-301F-11D3-BF4B-00C04F79EFBC}") = "CheckedException.Test.NetCore", "CheckedException.Test.NetCore\CheckedException.Test.NetCore.csproj", "{2C8023E5-4EB8-4EF2-AF7B-F8369AE41B13}"
EndProject
Global
	GlobalSection(SolutionConfigurationPlatforms) = preSolution
		Debug|Any CPU = Debug|Any CPU
		Release|Any CPU = Release|Any CPU
	EndGlobalSection
	GlobalSection(ProjectConfigurationPlatforms) = postSolution
		{2C8023E5-4EB8-4EF2-AF7B-F8369AE41B13}.Debug|Any CPU.ActiveCfg = Debug|Any CPU
		{2C8023E5-4EB8-4EF2-AF7B-F8369AE41B13}.Debug|Any CPU.Build.0 = Debug|Any CPU
		{2C8023E5-4EB8-4EF2-AF7B-F8369AE41B13}.Release|Any CPU.ActiveCfg = Release|Any CPU
		{2C8023E5-4EB8-4EF2-AF7B-F8369AE41B13}.Release|Any CPU.Build.0 = Release|Any CPU
	EndGlobalSection
	GlobalSection(SolutionProperties) = preSolution
		HideSolutionNode = FALSE
	EndGlobalSection
	GlobalSection(ExtensibilityGlobals) = postSolution
		SolutionGuid = {1D4018A4-84EE-474E-9FD0-61D21E4DCB3E}
	EndGlobalSection
EndGlobal
