
Microsoft Visual Studio Solution File, Format Version 12.00
# Visual Studio 15
VisualStudioVersion = 15.0.26730.3
MinimumVisualStudioVersion = 10.0.40219.1
Project("{FAE04EC0-301F-11D3-BF4B-00C04F79EFBC}") = "CheckedException", "CheckedException\CheckedException\CheckedException.csproj", "{B81C3C1B-ADD8-4D2E-91D1-42A9E2D210B2}"
EndProject
Project("{FAE04EC0-301F-11D3-BF4B-00C04F79EFBC}") = "CheckedException.Vsix", "CheckedException\CheckedException.Vsix\CheckedException.Vsix.csproj", "{4B423B8A-B572-4648-8C0E-69227E6E0FFF}"
EndProject
Project("{FAE04EC0-301F-11D3-BF4B-00C04F79EFBC}") = "CheckedException.Core", "CheckedException.Core\CheckedException.Core.csproj", "{366FF570-D5F7-4FCB-AFD2-A2733BA9B1A1}"
EndProject
Global
	GlobalSection(SolutionConfigurationPlatforms) = preSolution
		Debug|Any CPU = Debug|Any CPU
		Release|Any CPU = Release|Any CPU
	EndGlobalSection
	GlobalSection(ProjectConfigurationPlatforms) = postSolution
		{B81C3C1B-ADD8-4D2E-91D1-42A9E2D210B2}.Debug|Any CPU.ActiveCfg = Debug|Any CPU
		{B81C3C1B-ADD8-4D2E-91D1-42A9E2D210B2}.Debug|Any CPU.Build.0 = Debug|Any CPU
		{B81C3C1B-ADD8-4D2E-91D1-42A9E2D210B2}.Release|Any CPU.ActiveCfg = Release|Any CPU
		{B81C3C1B-ADD8-4D2E-91D1-42A9E2D210B2}.Release|Any CPU.Build.0 = Release|Any CPU
		{4B423B8A-B572-4648-8C0E-69227E6E0FFF}.Debug|Any CPU.ActiveCfg = Debug|Any CPU
		{4B423B8A-B572-4648-8C0E-69227E6E0FFF}.Debug|Any CPU.Build.0 = Debug|Any CPU
		{4B423B8A-B572-4648-8C0E-69227E6E0FFF}.Release|Any CPU.ActiveCfg = Release|Any CPU
		{4B423B8A-B572-4648-8C0E-69227E6E0FFF}.Release|Any CPU.Build.0 = Release|Any CPU
		{366FF570-D5F7-4FCB-AFD2-A2733BA9B1A1}.Debug|Any CPU.ActiveCfg = Debug|Any CPU
		{366FF570-D5F7-4FCB-AFD2-A2733BA9B1A1}.Debug|Any CPU.Build.0 = Debug|Any CPU
		{366FF570-D5F7-4FCB-AFD2-A2733BA9B1A1}.Release|Any CPU.ActiveCfg = Release|Any CPU
		{366FF570-D5F7-4FCB-AFD2-A2733BA9B1A1}.Release|Any CPU.Build.0 = Release|Any CPU
	EndGlobalSection
	GlobalSection(SolutionProperties) = preSolution
		HideSolutionNode = FALSE
	EndGlobalSection
	GlobalSection(ExtensibilityGlobals) = postSolution
		SolutionGuid = {516B3CC6-0CDF-41BF-9791-55549F29E58B}
	EndGlobalSection
EndGlobal
